
Microsoft Visual Studio Solution File, Format Version 12.00
# Visual Studio Version 17
VisualStudioVersion = 17.9.34701.34
MinimumVisualStudioVersion = 10.0.40219.1
Project("{FAE04EC0-301F-11D3-BF4B-00C04F79EFBC}") = "Prøve 2024", "Prøve 2024\Prøve 2024.csproj", "{8B5AA92F-6651-4A03-96E4-F3E02CA26C1F}"
EndProject
Global
	GlobalSection(SolutionConfigurationPlatforms) = preSolution
		Debug|Any CPU = Debug|Any CPU
		Release|Any CPU = Release|Any CPU
	EndGlobalSection
	GlobalSection(ProjectConfigurationPlatforms) = postSolution
		{8B5AA92F-6651-4A03-96E4-F3E02CA26C1F}.Debug|Any CPU.ActiveCfg = Debug|Any CPU
		{8B5AA92F-6651-4A03-96E4-F3E02CA26C1F}.Debug|Any CPU.Build.0 = Debug|Any CPU
		{8B5AA92F-6651-4A03-96E4-F3E02CA26C1F}.Release|Any CPU.ActiveCfg = Release|Any CPU
		{8B5AA92F-6651-4A03-96E4-F3E02CA26C1F}.Release|Any CPU.Build.0 = Release|Any CPU
	EndGlobalSection
	GlobalSection(SolutionProperties) = preSolution
		HideSolutionNode = FALSE
	EndGlobalSection
	GlobalSection(ExtensibilityGlobals) = postSolution
		SolutionGuid = {CB057A37-FA0B-4F38-8B79-6B24BE109393}
	EndGlobalSection
EndGlobal
